// !$*UTF8*$!
{
	archiveVersion = 1;
	classes = {
	};
	objectVersion = 50;
	objects = {

/* Begin PBXBuildFile section */
		451B025430634E32A199FD8D /* Pods_Todoey.framework in Frameworks */ = {isa = PBXBuildFile; fileRef = F36ED80E9699749D1D46AF5D /* Pods_Todoey.framework */; };
		9C0BA83D20D96E96003D4C1E /* SwipeTableViewController.swift in Sources */ = {isa = PBXBuildFile; fileRef = 9C0BA83C20D96E96003D4C1E /* SwipeTableViewController.swift */; };
		9C54436320B721E70085255D /* Item.swift in Sources */ = {isa = PBXBuildFile; fileRef = 9C54436220B721E70085255D /* Item.swift */; };
		9C54436520B721F00085255D /* Category.swift in Sources */ = {isa = PBXBuildFile; fileRef = 9C54436420B721F00085255D /* Category.swift */; };
		9C8CA56D209CDF7D007508B1 /* AppDelegate.swift in Sources */ = {isa = PBXBuildFile; fileRef = 9C8CA56C209CDF7D007508B1 /* AppDelegate.swift */; };
		9C8CA56F209CDF7D007508B1 /* TodoListViewController.swift in Sources */ = {isa = PBXBuildFile; fileRef = 9C8CA56E209CDF7D007508B1 /* TodoListViewController.swift */; };
		9C8CA572209CDF7D007508B1 /* Main.storyboard in Resources */ = {isa = PBXBuildFile; fileRef = 9C8CA570209CDF7D007508B1 /* Main.storyboard */; };
		9C8CA574209CDF7E007508B1 /* Assets.xcassets in Resources */ = {isa = PBXBuildFile; fileRef = 9C8CA573209CDF7E007508B1 /* Assets.xcassets */; };
		9C8CA577209CDF7E007508B1 /* LaunchScreen.storyboard in Resources */ = {isa = PBXBuildFile; fileRef = 9C8CA575209CDF7E007508B1 /* LaunchScreen.storyboard */; };
		9C9C52BD20ADE89600DEB3F3 /* CategoryViewController.swift in Sources */ = {isa = PBXBuildFile; fileRef = 9C9C52BC20ADE89600DEB3F3 /* CategoryViewController.swift */; };
/* End PBXBuildFile section */

/* Begin PBXFileReference section */
		9C0BA83C20D96E96003D4C1E /* SwipeTableViewController.swift */ = {isa = PBXFileReference; lastKnownFileType = sourcecode.swift; path = SwipeTableViewController.swift; sourceTree = "<group>"; };
		9C54436220B721E70085255D /* Item.swift */ = {isa = PBXFileReference; lastKnownFileType = sourcecode.swift; path = Item.swift; sourceTree = "<group>"; };
		9C54436420B721F00085255D /* Category.swift */ = {isa = PBXFileReference; lastKnownFileType = sourcecode.swift; path = Category.swift; sourceTree = "<group>"; };
		9C8CA569209CDF7D007508B1 /* Todoey.app */ = {isa = PBXFileReference; explicitFileType = wrapper.application; includeInIndex = 0; path = Todoey.app; sourceTree = BUILT_PRODUCTS_DIR; };
		9C8CA56C209CDF7D007508B1 /* AppDelegate.swift */ = {isa = PBXFileReference; lastKnownFileType = sourcecode.swift; path = AppDelegate.swift; sourceTree = "<group>"; };
		9C8CA56E209CDF7D007508B1 /* TodoListViewController.swift */ = {isa = PBXFileReference; lastKnownFileType = sourcecode.swift; path = TodoListViewController.swift; sourceTree = "<group>"; };
		9C8CA571209CDF7D007508B1 /* Base */ = {isa = PBXFileReference; lastKnownFileType = file.storyboard; name = Base; path = Base.lproj/Main.storyboard; sourceTree = "<group>"; };
		9C8CA573209CDF7E007508B1 /* Assets.xcassets */ = {isa = PBXFileReference; lastKnownFileType = folder.assetcatalog; path = Assets.xcassets; sourceTree = "<group>"; };
		9C8CA576209CDF7E007508B1 /* Base */ = {isa = PBXFileReference; lastKnownFileType = file.storyboard; name = Base; path = Base.lproj/LaunchScreen.storyboard; sourceTree = "<group>"; };
		9C8CA578209CDF7E007508B1 /* Info.plist */ = {isa = PBXFileReference; lastKnownFileType = text.plist.xml; path = Info.plist; sourceTree = "<group>"; };
		9C9C52BC20ADE89600DEB3F3 /* CategoryViewController.swift */ = {isa = PBXFileReference; lastKnownFileType = sourcecode.swift; name = CategoryViewController.swift; path = Todoey/Controllers/CategoryViewController.swift; sourceTree = SOURCE_ROOT; };
		B836746BE75D9302C211132D /* Pods-Todoey.debug.xcconfig */ = {isa = PBXFileReference; includeInIndex = 1; lastKnownFileType = text.xcconfig; name = "Pods-Todoey.debug.xcconfig"; path = "Pods/Target Support Files/Pods-Todoey/Pods-Todoey.debug.xcconfig"; sourceTree = "<group>"; };
		C254C2FAF517EF079DC9B6FD /* Pods-Todoey.release.xcconfig */ = {isa = PBXFileReference; includeInIndex = 1; lastKnownFileType = text.xcconfig; name = "Pods-Todoey.release.xcconfig"; path = "Pods/Target Support Files/Pods-Todoey/Pods-Todoey.release.xcconfig"; sourceTree = "<group>"; };
		F36ED80E9699749D1D46AF5D /* Pods_Todoey.framework */ = {isa = PBXFileReference; explicitFileType = wrapper.framework; includeInIndex = 0; path = Pods_Todoey.framework; sourceTree = BUILT_PRODUCTS_DIR; };
/* End PBXFileReference section */

/* Begin PBXFrameworksBuildPhase section */
		9C8CA566209CDF7D007508B1 /* Frameworks */ = {
			isa = PBXFrameworksBuildPhase;
			buildActionMask = 2147483647;
			files = (
				451B025430634E32A199FD8D /* Pods_Todoey.framework in Frameworks */,
			);
			runOnlyForDeploymentPostprocessing = 0;
		};
/* End PBXFrameworksBuildPhase section */

/* Begin PBXGroup section */
		281AB76985240726A4EEA228 /* Pods */ = {
			isa = PBXGroup;
			children = (
				B836746BE75D9302C211132D /* Pods-Todoey.debug.xcconfig */,
				C254C2FAF517EF079DC9B6FD /* Pods-Todoey.release.xcconfig */,
			);
			name = Pods;
			sourceTree = "<group>";
		};
		9C8CA560209CDF7D007508B1 = {
			isa = PBXGroup;
			children = (
				9C8CA56B209CDF7D007508B1 /* Todoey */,
				9C8CA56A209CDF7D007508B1 /* Products */,
				281AB76985240726A4EEA228 /* Pods */,
				C652D0EE4794F29CDD797EDA /* Frameworks */,
			);
			sourceTree = "<group>";
		};
		9C8CA56A209CDF7D007508B1 /* Products */ = {
			isa = PBXGroup;
			children = (
				9C8CA569209CDF7D007508B1 /* Todoey.app */,
			);
			name = Products;
			sourceTree = "<group>";
		};
		9C8CA56B209CDF7D007508B1 /* Todoey */ = {
			isa = PBXGroup;
			children = (
				9C8CA56C209CDF7D007508B1 /* AppDelegate.swift */,
				9CF8F01420A0C07C00DF6CF7 /* Controllers */,
				9CF8F01320A0C07200DF6CF7 /* Data Model */,
				9CF8F01520A0C08D00DF6CF7 /* Views */,
				9CF8F01620A0C09C00DF6CF7 /* Supporting Files */,
				9C8CA578209CDF7E007508B1 /* Info.plist */,
			);
			path = Todoey;
			sourceTree = "<group>";
		};
		9CF8F01320A0C07200DF6CF7 /* Data Model */ = {
			isa = PBXGroup;
			children = (
				9C54436420B721F00085255D /* Category.swift */,
				9C54436220B721E70085255D /* Item.swift */,
			);
			path = "Data Model";
			sourceTree = "<group>";
		};
		9CF8F01420A0C07C00DF6CF7 /* Controllers */ = {
			isa = PBXGroup;
			children = (
				9C9C52BC20ADE89600DEB3F3 /* CategoryViewController.swift */,
				9C8CA56E209CDF7D007508B1 /* TodoListViewController.swift */,
				9C0BA83C20D96E96003D4C1E /* SwipeTableViewController.swift */,
			);
			path = Controllers;
			sourceTree = "<group>";
		};
		9CF8F01520A0C08D00DF6CF7 /* Views */ = {
			isa = PBXGroup;
			children = (
				9C8CA570209CDF7D007508B1 /* Main.storyboard */,
			);
			path = Views;
			sourceTree = "<group>";
		};
		9CF8F01620A0C09C00DF6CF7 /* Supporting Files */ = {
			isa = PBXGroup;
			children = (
				9C8CA573209CDF7E007508B1 /* Assets.xcassets */,
				9C8CA575209CDF7E007508B1 /* LaunchScreen.storyboard */,
			);
			path = "Supporting Files";
			sourceTree = "<group>";
		};
		C652D0EE4794F29CDD797EDA /* Frameworks */ = {
			isa = PBXGroup;
			children = (
				F36ED80E9699749D1D46AF5D /* Pods_Todoey.framework */,
			);
			name = Frameworks;
			sourceTree = "<group>";
		};
/* End PBXGroup section */

/* Begin PBXNativeTarget section */
		9C8CA568209CDF7D007508B1 /* Todoey */ = {
			isa = PBXNativeTarget;
			buildConfigurationList = 9C8CA57B209CDF7E007508B1 /* Build configuration list for PBXNativeTarget "Todoey" */;
			buildPhases = (
				EF17EAA4A4476DC53FE3636C /* [CP] Check Pods Manifest.lock */,
				9C8CA565209CDF7D007508B1 /* Sources */,
				9C8CA566209CDF7D007508B1 /* Frameworks */,
				9C8CA567209CDF7D007508B1 /* Resources */,
				821F168F181CDA343744177E /* [CP] Embed Pods Frameworks */,
			);
			buildRules = (
			);
			dependencies = (
			);
			name = Todoey;
			productName = Todoey;
			productReference = 9C8CA569209CDF7D007508B1 /* Todoey.app */;
			productType = "com.apple.product-type.application";
		};
/* End PBXNativeTarget section */

/* Begin PBXProject section */
		9C8CA561209CDF7D007508B1 /* Project object */ = {
			isa = PBXProject;
			attributes = {
				LastSwiftUpdateCheck = 0930;
				LastUpgradeCheck = 0930;
				ORGANIZATIONNAME = "Jason Quint";
				TargetAttributes = {
					9C8CA568209CDF7D007508B1 = {
						CreatedOnToolsVersion = 9.3;
					};
				};
			};
			buildConfigurationList = 9C8CA564209CDF7D007508B1 /* Build configuration list for PBXProject "Todoey" */;
			compatibilityVersion = "Xcode 9.3";
			developmentRegion = en;
			hasScannedForEncodings = 0;
			knownRegions = (
				en,
				Base,
			);
			mainGroup = 9C8CA560209CDF7D007508B1;
			productRefGroup = 9C8CA56A209CDF7D007508B1 /* Products */;
			projectDirPath = "";
			projectRoot = "";
			targets = (
				9C8CA568209CDF7D007508B1 /* Todoey */,
			);
		};
/* End PBXProject section */

/* Begin PBXResourcesBuildPhase section */
		9C8CA567209CDF7D007508B1 /* Resources */ = {
			isa = PBXResourcesBuildPhase;
			buildActionMask = 2147483647;
			files = (
				9C8CA577209CDF7E007508B1 /* LaunchScreen.storyboard in Resources */,
				9C8CA574209CDF7E007508B1 /* Assets.xcassets in Resources */,
				9C8CA572209CDF7D007508B1 /* Main.storyboard in Resources */,
			);
			runOnlyForDeploymentPostprocessing = 0;
		};
/* End PBXResourcesBuildPhase section */

/* Begin PBXShellScriptBuildPhase section */
		821F168F181CDA343744177E /* [CP] Embed Pods Frameworks */ = {
			isa = PBXShellScriptBuildPhase;
			buildActionMask = 2147483647;
			files = (
			);
			inputPaths = (
				"${SRCROOT}/Pods/Target Support Files/Pods-Todoey/Pods-Todoey-frameworks.sh",
				"${BUILT_PRODUCTS_DIR}/ChameleonFramework/ChameleonFramework.framework",
				"${BUILT_PRODUCTS_DIR}/Realm/Realm.framework",
				"${BUILT_PRODUCTS_DIR}/RealmSwift/RealmSwift.framework",
				"${BUILT_PRODUCTS_DIR}/SwipeCellKit/SwipeCellKit.framework",
			);
			name = "[CP] Embed Pods Frameworks";
			outputPaths = (
				"${TARGET_BUILD_DIR}/${FRAMEWORKS_FOLDER_PATH}/ChameleonFramework.framework",
				"${TARGET_BUILD_DIR}/${FRAMEWORKS_FOLDER_PATH}/Realm.framework",
				"${TARGET_BUILD_DIR}/${FRAMEWORKS_FOLDER_PATH}/RealmSwift.framework",
				"${TARGET_BUILD_DIR}/${FRAMEWORKS_FOLDER_PATH}/SwipeCellKit.framework",
			);
			runOnlyForDeploymentPostprocessing = 0;
			shellPath = /bin/sh;
			shellScript = "\"${SRCROOT}/Pods/Target Support Files/Pods-Todoey/Pods-Todoey-frameworks.sh\"\n";
			showEnvVarsInLog = 0;
		};
		EF17EAA4A4476DC53FE3636C /* [CP] Check Pods Manifest.lock */ = {
			isa = PBXShellScriptBuildPhase;
			buildActionMask = 2147483647;
			files = (
			);
			inputPaths = (
				"${PODS_PODFILE_DIR_PATH}/Podfile.lock",
				"${PODS_ROOT}/Manifest.lock",
			);
			name = "[CP] Check Pods Manifest.lock";
			outputPaths = (
				"$(DERIVED_FILE_DIR)/Pods-Todoey-checkManifestLockResult.txt",
			);
			runOnlyForDeploymentPostprocessing = 0;
			shellPath = /bin/sh;
			shellScript = "diff \"${PODS_PODFILE_DIR_PATH}/Podfile.lock\" \"${PODS_ROOT}/Manifest.lock\" > /dev/null\nif [ $? != 0 ] ; then\n    # print error to STDERR\n    echo \"error: The sandbox is not in sync with the Podfile.lock. Run 'pod install' or update your CocoaPods installation.\" >&2\n    exit 1\nfi\n# This output is used by Xcode 'outputs' to avoid re-running this script phase.\necho \"SUCCESS\" > \"${SCRIPT_OUTPUT_FILE_0}\"\n";
			showEnvVarsInLog = 0;
		};
/* End PBXShellScriptBuildPhase section */

/* Begin PBXSourcesBuildPhase section */
		9C8CA565209CDF7D007508B1 /* Sources */ = {
			isa = PBXSourcesBuildPhase;
			buildActionMask = 2147483647;
			files = (
				9C54436320B721E70085255D /* Item.swift in Sources */,
				9C9C52BD20ADE89600DEB3F3 /* CategoryViewController.swift in Sources */,
				9C8CA56F209CDF7D007508B1 /* TodoListViewController.swift in Sources */,
				9C8CA56D209CDF7D007508B1 /* AppDelegate.swift in Sources */,
				9C0BA83D20D96E96003D4C1E /* SwipeTableViewController.swift in Sources */,
				9C54436520B721F00085255D /* Category.swift in Sources */,
			);
			runOnlyForDeploymentPostprocessing = 0;
		};
/* End PBXSourcesBuildPhase section */

/* Begin PBXVariantGroup section */
		9C8CA570209CDF7D007508B1 /* Main.storyboard */ = {
			isa = PBXVariantGroup;
			children = (
				9C8CA571209CDF7D007508B1 /* Base */,
			);
			name = Main.storyboard;
			sourceTree = "<group>";
		};
		9C8CA575209CDF7E007508B1 /* LaunchScreen.storyboard */ = {
			isa = PBXVariantGroup;
			children = (
				9C8CA576209CDF7E007508B1 /* Base */,
			);
			name = LaunchScreen.storyboard;
			sourceTree = "<group>";
		};
/* End PBXVariantGroup section */

/* Begin XCBuildConfiguration section */
		9C8CA579209CDF7E007508B1 /* Debug */ = {
			isa = XCBuildConfiguration;
			buildSettings = {
				ALWAYS_SEARCH_USER_PATHS = NO;
				CLANG_ANALYZER_NONNULL = YES;
				CLANG_ANALYZER_NUMBER_OBJECT_CONVERSION = YES_AGGRESSIVE;
				CLANG_CXX_LANGUAGE_STANDARD = "gnu++14";
				CLANG_CXX_LIBRARY = "libc++";
				CLANG_ENABLE_MODULES = YES;
				CLANG_ENABLE_OBJC_ARC = YES;
				CLANG_ENABLE_OBJC_WEAK = YES;
				CLANG_WARN_BLOCK_CAPTURE_AUTORELEASING = YES;
				CLANG_WARN_BOOL_CONVERSION = YES;
				CLANG_WARN_COMMA = YES;
				CLANG_WARN_CONSTANT_CONVERSION = YES;
				CLANG_WARN_DEPRECATED_OBJC_IMPLEMENTATIONS = YES;
				CLANG_WARN_DIRECT_OBJC_ISA_USAGE = YES_ERROR;
				CLANG_WARN_DOCUMENTATION_COMMENTS = YES;
				CLANG_WARN_EMPTY_BODY = YES;
				CLANG_WARN_ENUM_CONVERSION = YES;
				CLANG_WARN_INFINITE_RECURSION = YES;
				CLANG_WARN_INT_CONVERSION = YES;
				CLANG_WARN_NON_LITERAL_NULL_CONVERSION = YES;
				CLANG_WARN_OBJC_IMPLICIT_RETAIN_SELF = YES;
				CLANG_WARN_OBJC_LITERAL_CONVERSION = YES;
				CLANG_WARN_OBJC_ROOT_CLASS = YES_ERROR;
				CLANG_WARN_RANGE_LOOP_ANALYSIS = YES;
				CLANG_WARN_STRICT_PROTOTYPES = YES;
				CLANG_WARN_SUSPICIOUS_MOVE = YES;
				CLANG_WARN_UNGUARDED_AVAILABILITY = YES_AGGRESSIVE;
				CLANG_WARN_UNREACHABLE_CODE = YES;
				CLANG_WARN__DUPLICATE_METHOD_MATCH = YES;
				CODE_SIGN_IDENTITY = "iPhone Developer";
				COPY_PHASE_STRIP = NO;
				DEBUG_INFORMATION_FORMAT = dwarf;
				ENABLE_STRICT_OBJC_MSGSEND = YES;
				ENABLE_TESTABILITY = YES;
				GCC_C_LANGUAGE_STANDARD = gnu11;
				GCC_DYNAMIC_NO_PIC = NO;
				GCC_NO_COMMON_BLOCKS = YES;
				GCC_OPTIMIZATION_LEVEL = 0;
				GCC_PREPROCESSOR_DEFINITIONS = (
					"DEBUG=1",
					"$(inherited)",
				);
				GCC_WARN_64_TO_32_BIT_CONVERSION = YES;
				GCC_WARN_ABOUT_RETURN_TYPE = YES_ERROR;
				GCC_WARN_UNDECLARED_SELECTOR = YES;
				GCC_WARN_UNINITIALIZED_AUTOS = YES_AGGRESSIVE;
				GCC_WARN_UNUSED_FUNCTION = YES;
				GCC_WARN_UNUSED_VARIABLE = YES;
				IPHONEOS_DEPLOYMENT_TARGET = 11.3;
				MTL_ENABLE_DEBUG_INFO = YES;
				ONLY_ACTIVE_ARCH = YES;
				SDKROOT = iphoneos;
				SWIFT_ACTIVE_COMPILATION_CONDITIONS = DEBUG;
				SWIFT_OPTIMIZATION_LEVEL = "-Onone";
			};
			name = Debug;
		};
		9C8CA57A209CDF7E007508B1 /* Release */ = {
			isa = XCBuildConfiguration;
			buildSettings = {
				ALWAYS_SEARCH_USER_PATHS = NO;
				CLANG_ANALYZER_NONNULL = YES;
				CLANG_ANALYZER_NUMBER_OBJECT_CONVERSION = YES_AGGRESSIVE;
				CLANG_CXX_LANGUAGE_STANDARD = "gnu++14";
				CLANG_CXX_LIBRARY = "libc++";
				CLANG_ENABLE_MODULES = YES;
				CLANG_ENABLE_OBJC_ARC = YES;
				CLANG_ENABLE_OBJC_WEAK = YES;
				CLANG_WARN_BLOCK_CAPTURE_AUTORELEASING = YES;
				CLANG_WARN_BOOL_CONVERSION = YES;
				CLANG_WARN_COMMA = YES;
				CLANG_WARN_CONSTANT_CONVERSION = YES;
				CLANG_WARN_DEPRECATED_OBJC_IMPLEMENTATIONS = YES;
				CLANG_WARN_DIRECT_OBJC_ISA_USAGE = YES_ERROR;
				CLANG_WARN_DOCUMENTATION_COMMENTS = YES;
				CLANG_WARN_EMPTY_BODY = YES;
				CLANG_WARN_ENUM_CONVERSION = YES;
				CLANG_WARN_INFINITE_RECURSION = YES;
				CLANG_WARN_INT_CONVERSION = YES;
				CLANG_WARN_NON_LITERAL_NULL_CONVERSION = YES;
				CLANG_WARN_OBJC_IMPLICIT_RETAIN_SELF = YES;
				CLANG_WARN_OBJC_LITERAL_CONVERSION = YES;
				CLANG_WARN_OBJC_ROOT_CLASS = YES_ERROR;
				CLANG_WARN_RANGE_LOOP_ANALYSIS = YES;
				CLANG_WARN_STRICT_PROTOTYPES = YES;
				CLANG_WARN_SUSPICIOUS_MOVE = YES;
				CLANG_WARN_UNGUARDED_AVAILABILITY = YES_AGGRESSIVE;
				CLANG_WARN_UNREACHABLE_CODE = YES;
				CLANG_WARN__DUPLICATE_METHOD_MATCH = YES;
				CODE_SIGN_IDENTITY = "iPhone Developer";
				COPY_PHASE_STRIP = NO;
				DEBUG_INFORMATION_FORMAT = "dwarf-with-dsym";
				ENABLE_NS_ASSERTIONS = NO;
				ENABLE_STRICT_OBJC_MSGSEND = YES;
				GCC_C_LANGUAGE_STANDARD = gnu11;
				GCC_NO_COMMON_BLOCKS = YES;
				GCC_WARN_64_TO_32_BIT_CONVERSION = YES;
				GCC_WARN_ABOUT_RETURN_TYPE = YES_ERROR;
				GCC_WARN_UNDECLARED_SELECTOR = YES;
				GCC_WARN_UNINITIALIZED_AUTOS = YES_AGGRESSIVE;
				GCC_WARN_UNUSED_FUNCTION = YES;
				GCC_WARN_UNUSED_VARIABLE = YES;
				IPHONEOS_DEPLOYMENT_TARGET = 11.3;
				MTL_ENABLE_DEBUG_INFO = NO;
				SDKROOT = iphoneos;
				SWIFT_COMPILATION_MODE = wholemodule;
				SWIFT_OPTIMIZATION_LEVEL = "-O";
				VALIDATE_PRODUCT = YES;
			};
			name = Release;
		};
		9C8CA57C209CDF7E007508B1 /* Debug */ = {
			isa = XCBuildConfiguration;
			baseConfigurationReference = B836746BE75D9302C211132D /* Pods-Todoey.debug.xcconfig */;
			buildSettings = {
				ASSETCATALOG_COMPILER_APPICON_NAME = AppIcon;
				CODE_SIGN_STYLE = Automatic;
				DEVELOPMENT_TEAM = CZARFK9ZAH;
				INFOPLIST_FILE = Todoey/Info.plist;
				LD_RUNPATH_SEARCH_PATHS = (
					"$(inherited)",
					"@executable_path/Frameworks",
				);
				PRODUCT_BUNDLE_IDENTIFIER = com.JasonQuint.Todoey;
				PRODUCT_NAME = "$(TARGET_NAME)";
				SWIFT_VERSION = 4.0;
				TARGETED_DEVICE_FAMILY = "1,2";
			};
			name = Debug;
		};
		9C8CA57D209CDF7E007508B1 /* Release */ = {
			isa = XCBuildConfiguration;
			baseConfigurationReference = C254C2FAF517EF079DC9B6FD /* Pods-Todoey.release.xcconfig */;
			buildSettings = {
				ASSETCATALOG_COMPILER_APPICON_NAME = AppIcon;
				CODE_SIGN_STYLE = Automatic;
				DEVELOPMENT_TEAM = CZARFK9ZAH;
				INFOPLIST_FILE = Todoey/Info.plist;
				LD_RUNPATH_SEARCH_PATHS = (
					"$(inherited)",
					"@executable_path/Frameworks",
				);
				PRODUCT_BUNDLE_IDENTIFIER = com.JasonQuint.Todoey;
				PRODUCT_NAME = "$(TARGET_NAME)";
				SWIFT_VERSION = 4.0;
				TARGETED_DEVICE_FAMILY = "1,2";
			};
			name = Release;
		};
/* End XCBuildConfiguration section */

/* Begin XCConfigurationList section */
		9C8CA564209CDF7D007508B1 /* Build configuration list for PBXProject "Todoey" */ = {
			isa = XCConfigurationList;
			buildConfigurations = (
				9C8CA579209CDF7E007508B1 /* Debug */,
				9C8CA57A209CDF7E007508B1 /* Release */,
			);
			defaultConfigurationIsVisible = 0;
			defaultConfigurationName = Release;
		};
		9C8CA57B209CDF7E007508B1 /* Build configuration list for PBXNativeTarget "Todoey" */ = {
			isa = XCConfigurationList;
			buildConfigurations = (
				9C8CA57C209CDF7E007508B1 /* Debug */,
				9C8CA57D209CDF7E007508B1 /* Release */,
			);
			defaultConfigurationIsVisible = 0;
			defaultConfigurationName = Release;
		};
/* End XCConfigurationList section */
	};
	rootObject = 9C8CA561209CDF7D007508B1 /* Project object */;
}
